
Microsoft Visual Studio Solution File, Format Version 12.00
# Visual Studio Version 16
VisualStudioVersion = 16.0.31321.278
MinimumVisualStudioVersion = 10.0.40219.1
Project("{FAE04EC0-301F-11D3-BF4B-00C04F79EFBC}") = "CarStockAPI", "CarStockAPI\CarStockAPI.csproj", "{874C34FB-F9E1-4476-A112-0BB2C43ACCB3}"
EndProject
Global
	GlobalSection(SolutionConfigurationPlatforms) = preSolution
		Debug|Any CPU = Debug|Any CPU
		Release|Any CPU = Release|Any CPU
	EndGlobalSection
	GlobalSection(ProjectConfigurationPlatforms) = postSolution
		{874C34FB-F9E1-4476-A112-0BB2C43ACCB3}.Debug|Any CPU.ActiveCfg = Debug|Any CPU
		{874C34FB-F9E1-4476-A112-0BB2C43ACCB3}.Debug|Any CPU.Build.0 = Debug|Any CPU
		{874C34FB-F9E1-4476-A112-0BB2C43ACCB3}.Release|Any CPU.ActiveCfg = Release|Any CPU
		{874C34FB-F9E1-4476-A112-0BB2C43ACCB3}.Release|Any CPU.Build.0 = Release|Any CPU
	EndGlobalSection
	GlobalSection(SolutionProperties) = preSolution
		HideSolutionNode = FALSE
	EndGlobalSection
	GlobalSection(ExtensibilityGlobals) = postSolution
		SolutionGuid = {AECF59FF-2196-4660-8F99-CEB92E710BC1}
	EndGlobalSection
EndGlobal
